// !$*UTF8*$!
{
	archiveVersion = 1;
	classes = {
	};
	objectVersion = 55;
	objects = {

/* Begin PBXBuildFile section */
		8D1752F4287140F40028C85D /* AddVehicleModel.swift in Sources */ = {isa = PBXBuildFile; fileRef = 8D1752F3287140F40028C85D /* AddVehicleModel.swift */; };
		8D69DB242868F8DE002968E4 /* AvailVehicle.swift in Sources */ = {isa = PBXBuildFile; fileRef = 8D69DB232868F8DE002968E4 /* AvailVehicle.swift */; };
		8D999D6C2868D27E00ADFBCC /* TestApp3App.swift in Sources */ = {isa = PBXBuildFile; fileRef = 8D999D6B2868D27E00ADFBCC /* TestApp3App.swift */; };
		8D999D6E2868D27E00ADFBCC /* ContentView.swift in Sources */ = {isa = PBXBuildFile; fileRef = 8D999D6D2868D27E00ADFBCC /* ContentView.swift */; };
		8D999D702868D27F00ADFBCC /* Assets.xcassets in Resources */ = {isa = PBXBuildFile; fileRef = 8D999D6F2868D27F00ADFBCC /* Assets.xcassets */; };
		8D999D732868D27F00ADFBCC /* Preview Assets.xcassets in Resources */ = {isa = PBXBuildFile; fileRef = 8D999D722868D27F00ADFBCC /* Preview Assets.xcassets */; };
		8D999D7D2868D27F00ADFBCC /* TestApp3Tests.swift in Sources */ = {isa = PBXBuildFile; fileRef = 8D999D7C2868D27F00ADFBCC /* TestApp3Tests.swift */; };
		8D999D872868D27F00ADFBCC /* TestApp3UITests.swift in Sources */ = {isa = PBXBuildFile; fileRef = 8D999D862868D27F00ADFBCC /* TestApp3UITests.swift */; };
		8D999D892868D27F00ADFBCC /* TestApp3UITestsLaunchTests.swift in Sources */ = {isa = PBXBuildFile; fileRef = 8D999D882868D27F00ADFBCC /* TestApp3UITestsLaunchTests.swift */; };
		8D999D962868D31700ADFBCC /* Vehicle.swift in Sources */ = {isa = PBXBuildFile; fileRef = 8D999D952868D31700ADFBCC /* Vehicle.swift */; };
		8D999D982868D38800ADFBCC /* Vehicles.swift in Sources */ = {isa = PBXBuildFile; fileRef = 8D999D972868D38800ADFBCC /* Vehicles.swift */; };
		8D999D9A2868DA1200ADFBCC /* AddVehicleView.swift in Sources */ = {isa = PBXBuildFile; fileRef = 8D999D992868DA1200ADFBCC /* AddVehicleView.swift */; };
		8D9E7EF9286BDACC00BDEC75 /* BeaconDetector.swift in Sources */ = {isa = PBXBuildFile; fileRef = 8D9E7EF8286BDACC00BDEC75 /* BeaconDetector.swift */; };
/* End PBXBuildFile section */

/* Begin PBXContainerItemProxy section */
		8D999D792868D27F00ADFBCC /* PBXContainerItemProxy */ = {
			isa = PBXContainerItemProxy;
			containerPortal = 8D999D602868D27E00ADFBCC /* Project object */;
			proxyType = 1;
			remoteGlobalIDString = 8D999D672868D27E00ADFBCC;
			remoteInfo = TestApp3;
		};
		8D999D832868D27F00ADFBCC /* PBXContainerItemProxy */ = {
			isa = PBXContainerItemProxy;
			containerPortal = 8D999D602868D27E00ADFBCC /* Project object */;
			proxyType = 1;
			remoteGlobalIDString = 8D999D672868D27E00ADFBCC;
			remoteInfo = TestApp3;
		};
/* End PBXContainerItemProxy section */

/* Begin PBXFileReference section */
		8D1752F3287140F40028C85D /* AddVehicleModel.swift */ = {isa = PBXFileReference; lastKnownFileType = sourcecode.swift; path = AddVehicleModel.swift; sourceTree = "<group>"; };
		8D5A81BC286DEC6200E88708 /* Info.plist */ = {isa = PBXFileReference; lastKnownFileType = text.plist; path = Info.plist; sourceTree = "<group>"; };
		8D69DB232868F8DE002968E4 /* AvailVehicle.swift */ = {isa = PBXFileReference; lastKnownFileType = sourcecode.swift; path = AvailVehicle.swift; sourceTree = "<group>"; };
		8D999D682868D27E00ADFBCC /* TestApp3.app */ = {isa = PBXFileReference; explicitFileType = wrapper.application; includeInIndex = 0; path = TestApp3.app; sourceTree = BUILT_PRODUCTS_DIR; };
		8D999D6B2868D27E00ADFBCC /* TestApp3App.swift */ = {isa = PBXFileReference; lastKnownFileType = sourcecode.swift; path = TestApp3App.swift; sourceTree = "<group>"; };
		8D999D6D2868D27E00ADFBCC /* ContentView.swift */ = {isa = PBXFileReference; lastKnownFileType = sourcecode.swift; path = ContentView.swift; sourceTree = "<group>"; };
		8D999D6F2868D27F00ADFBCC /* Assets.xcassets */ = {isa = PBXFileReference; lastKnownFileType = folder.assetcatalog; path = Assets.xcassets; sourceTree = "<group>"; };
		8D999D722868D27F00ADFBCC /* Preview Assets.xcassets */ = {isa = PBXFileReference; lastKnownFileType = folder.assetcatalog; path = "Preview Assets.xcassets"; sourceTree = "<group>"; };
		8D999D782868D27F00ADFBCC /* TestApp3Tests.xctest */ = {isa = PBXFileReference; explicitFileType = wrapper.cfbundle; includeInIndex = 0; path = TestApp3Tests.xctest; sourceTree = BUILT_PRODUCTS_DIR; };
		8D999D7C2868D27F00ADFBCC /* TestApp3Tests.swift */ = {isa = PBXFileReference; lastKnownFileType = sourcecode.swift; path = TestApp3Tests.swift; sourceTree = "<group>"; };
		8D999D822868D27F00ADFBCC /* TestApp3UITests.xctest */ = {isa = PBXFileReference; explicitFileType = wrapper.cfbundle; includeInIndex = 0; path = TestApp3UITests.xctest; sourceTree = BUILT_PRODUCTS_DIR; };
		8D999D862868D27F00ADFBCC /* TestApp3UITests.swift */ = {isa = PBXFileReference; lastKnownFileType = sourcecode.swift; path = TestApp3UITests.swift; sourceTree = "<group>"; };
		8D999D882868D27F00ADFBCC /* TestApp3UITestsLaunchTests.swift */ = {isa = PBXFileReference; lastKnownFileType = sourcecode.swift; path = TestApp3UITestsLaunchTests.swift; sourceTree = "<group>"; };
		8D999D952868D31700ADFBCC /* Vehicle.swift */ = {isa = PBXFileReference; lastKnownFileType = sourcecode.swift; path = Vehicle.swift; sourceTree = "<group>"; };
		8D999D972868D38800ADFBCC /* Vehicles.swift */ = {isa = PBXFileReference; lastKnownFileType = sourcecode.swift; path = Vehicles.swift; sourceTree = "<group>"; };
		8D999D992868DA1200ADFBCC /* AddVehicleView.swift */ = {isa = PBXFileReference; lastKnownFileType = sourcecode.swift; path = AddVehicleView.swift; sourceTree = "<group>"; };
		8D9E7EF8286BDACC00BDEC75 /* BeaconDetector.swift */ = {isa = PBXFileReference; lastKnownFileType = sourcecode.swift; path = BeaconDetector.swift; sourceTree = "<group>"; };
/* End PBXFileReference section */

/* Begin PBXFrameworksBuildPhase section */
		8D999D652868D27E00ADFBCC /* Frameworks */ = {
			isa = PBXFrameworksBuildPhase;
			buildActionMask = 2147483647;
			files = (
			);
			runOnlyForDeploymentPostprocessing = 0;
		};
		8D999D752868D27F00ADFBCC /* Frameworks */ = {
			isa = PBXFrameworksBuildPhase;
			buildActionMask = 2147483647;
			files = (
			);
			runOnlyForDeploymentPostprocessing = 0;
		};
		8D999D7F2868D27F00ADFBCC /* Frameworks */ = {
			isa = PBXFrameworksBuildPhase;
			buildActionMask = 2147483647;
			files = (
			);
			runOnlyForDeploymentPostprocessing = 0;
		};
/* End PBXFrameworksBuildPhase section */

/* Begin PBXGroup section */
		8D999D5F2868D27E00ADFBCC = {
			isa = PBXGroup;
			children = (
				8D999D6A2868D27E00ADFBCC /* TestApp3 */,
				8D999D7B2868D27F00ADFBCC /* TestApp3Tests */,
				8D999D852868D27F00ADFBCC /* TestApp3UITests */,
				8D999D692868D27E00ADFBCC /* Products */,
			);
			sourceTree = "<group>";
		};
		8D999D692868D27E00ADFBCC /* Products */ = {
			isa = PBXGroup;
			children = (
				8D999D682868D27E00ADFBCC /* TestApp3.app */,
				8D999D782868D27F00ADFBCC /* TestApp3Tests.xctest */,
				8D999D822868D27F00ADFBCC /* TestApp3UITests.xctest */,
			);
			name = Products;
			sourceTree = "<group>";
		};
		8D999D6A2868D27E00ADFBCC /* TestApp3 */ = {
			isa = PBXGroup;
			children = (
				8D5A81BC286DEC6200E88708 /* Info.plist */,
				8D999D6B2868D27E00ADFBCC /* TestApp3App.swift */,
				8D999D6D2868D27E00ADFBCC /* ContentView.swift */,
				8D999D6F2868D27F00ADFBCC /* Assets.xcassets */,
				8D999D712868D27F00ADFBCC /* Preview Content */,
				8D999D952868D31700ADFBCC /* Vehicle.swift */,
				8D999D972868D38800ADFBCC /* Vehicles.swift */,
				8D999D992868DA1200ADFBCC /* AddVehicleView.swift */,
				8D69DB232868F8DE002968E4 /* AvailVehicle.swift */,
				8D9E7EF8286BDACC00BDEC75 /* BeaconDetector.swift */,
				8D1752F3287140F40028C85D /* AddVehicleModel.swift */,
			);
			path = TestApp3;
			sourceTree = "<group>";
		};
		8D999D712868D27F00ADFBCC /* Preview Content */ = {
			isa = PBXGroup;
			children = (
				8D999D722868D27F00ADFBCC /* Preview Assets.xcassets */,
			);
			path = "Preview Content";
			sourceTree = "<group>";
		};
		8D999D7B2868D27F00ADFBCC /* TestApp3Tests */ = {
			isa = PBXGroup;
			children = (
				8D999D7C2868D27F00ADFBCC /* TestApp3Tests.swift */,
			);
			path = TestApp3Tests;
			sourceTree = "<group>";
		};
		8D999D852868D27F00ADFBCC /* TestApp3UITests */ = {
			isa = PBXGroup;
			children = (
				8D999D862868D27F00ADFBCC /* TestApp3UITests.swift */,
				8D999D882868D27F00ADFBCC /* TestApp3UITestsLaunchTests.swift */,
			);
			path = TestApp3UITests;
			sourceTree = "<group>";
		};
/* End PBXGroup section */

/* Begin PBXNativeTarget section */
		8D999D672868D27E00ADFBCC /* TestApp3 */ = {
			isa = PBXNativeTarget;
			buildConfigurationList = 8D999D8C2868D27F00ADFBCC /* Build configuration list for PBXNativeTarget "TestApp3" */;
			buildPhases = (
				8D999D642868D27E00ADFBCC /* Sources */,
				8D999D652868D27E00ADFBCC /* Frameworks */,
				8D999D662868D27E00ADFBCC /* Resources */,
			);
			buildRules = (
			);
			dependencies = (
			);
			name = TestApp3;
			productName = TestApp3;
			productReference = 8D999D682868D27E00ADFBCC /* TestApp3.app */;
			productType = "com.apple.product-type.application";
		};
		8D999D772868D27F00ADFBCC /* TestApp3Tests */ = {
			isa = PBXNativeTarget;
			buildConfigurationList = 8D999D8F2868D27F00ADFBCC /* Build configuration list for PBXNativeTarget "TestApp3Tests" */;
			buildPhases = (
				8D999D742868D27F00ADFBCC /* Sources */,
				8D999D752868D27F00ADFBCC /* Frameworks */,
				8D999D762868D27F00ADFBCC /* Resources */,
			);
			buildRules = (
			);
			dependencies = (
				8D999D7A2868D27F00ADFBCC /* PBXTargetDependency */,
			);
			name = TestApp3Tests;
			productName = TestApp3Tests;
			productReference = 8D999D782868D27F00ADFBCC /* TestApp3Tests.xctest */;
			productType = "com.apple.product-type.bundle.unit-test";
		};
		8D999D812868D27F00ADFBCC /* TestApp3UITests */ = {
			isa = PBXNativeTarget;
			buildConfigurationList = 8D999D922868D27F00ADFBCC /* Build configuration list for PBXNativeTarget "TestApp3UITests" */;
			buildPhases = (
				8D999D7E2868D27F00ADFBCC /* Sources */,
				8D999D7F2868D27F00ADFBCC /* Frameworks */,
				8D999D802868D27F00ADFBCC /* Resources */,
			);
			buildRules = (
			);
			dependencies = (
				8D999D842868D27F00ADFBCC /* PBXTargetDependency */,
			);
			name = TestApp3UITests;
			productName = TestApp3UITests;
			productReference = 8D999D822868D27F00ADFBCC /* TestApp3UITests.xctest */;
			productType = "com.apple.product-type.bundle.ui-testing";
		};
/* End PBXNativeTarget section */

/* Begin PBXProject section */
		8D999D602868D27E00ADFBCC /* Project object */ = {
			isa = PBXProject;
			attributes = {
				BuildIndependentTargetsInParallel = 1;
				LastSwiftUpdateCheck = 1340;
				LastUpgradeCheck = 1340;
				TargetAttributes = {
					8D999D672868D27E00ADFBCC = {
						CreatedOnToolsVersion = 13.4.1;
					};
					8D999D772868D27F00ADFBCC = {
						CreatedOnToolsVersion = 13.4.1;
						TestTargetID = 8D999D672868D27E00ADFBCC;
					};
					8D999D812868D27F00ADFBCC = {
						CreatedOnToolsVersion = 13.4.1;
						TestTargetID = 8D999D672868D27E00ADFBCC;
					};
				};
			};
			buildConfigurationList = 8D999D632868D27E00ADFBCC /* Build configuration list for PBXProject "TestApp3" */;
			compatibilityVersion = "Xcode 13.0";
			developmentRegion = en;
			hasScannedForEncodings = 0;
			knownRegions = (
				en,
				Base,
			);
			mainGroup = 8D999D5F2868D27E00ADFBCC;
			productRefGroup = 8D999D692868D27E00ADFBCC /* Products */;
			projectDirPath = "";
			projectRoot = "";
			targets = (
				8D999D672868D27E00ADFBCC /* TestApp3 */,
				8D999D772868D27F00ADFBCC /* TestApp3Tests */,
				8D999D812868D27F00ADFBCC /* TestApp3UITests */,
			);
		};
/* End PBXProject section */

/* Begin PBXResourcesBuildPhase section */
		8D999D662868D27E00ADFBCC /* Resources */ = {
			isa = PBXResourcesBuildPhase;
			buildActionMask = 2147483647;
			files = (
				8D999D732868D27F00ADFBCC /* Preview Assets.xcassets in Resources */,
				8D999D702868D27F00ADFBCC /* Assets.xcassets in Resources */,
			);
			runOnlyForDeploymentPostprocessing = 0;
		};
		8D999D762868D27F00ADFBCC /* Resources */ = {
			isa = PBXResourcesBuildPhase;
			buildActionMask = 2147483647;
			files = (
			);
			runOnlyForDeploymentPostprocessing = 0;
		};
		8D999D802868D27F00ADFBCC /* Resources */ = {
			isa = PBXResourcesBuildPhase;
			buildActionMask = 2147483647;
			files = (
			);
			runOnlyForDeploymentPostprocessing = 0;
		};
/* End PBXResourcesBuildPhase section */

/* Begin PBXSourcesBuildPhase section */
		8D999D642868D27E00ADFBCC /* Sources */ = {
			isa = PBXSourcesBuildPhase;
			buildActionMask = 2147483647;
			files = (
				8D69DB242868F8DE002968E4 /* AvailVehicle.swift in Sources */,
				8D999D982868D38800ADFBCC /* Vehicles.swift in Sources */,
				8D999D9A2868DA1200ADFBCC /* AddVehicleView.swift in Sources */,
				8D999D962868D31700ADFBCC /* Vehicle.swift in Sources */,
				8D1752F4287140F40028C85D /* AddVehicleModel.swift in Sources */,
				8D9E7EF9286BDACC00BDEC75 /* BeaconDetector.swift in Sources */,
				8D999D6E2868D27E00ADFBCC /* ContentView.swift in Sources */,
				8D999D6C2868D27E00ADFBCC /* TestApp3App.swift in Sources */,
			);
			runOnlyForDeploymentPostprocessing = 0;
		};
		8D999D742868D27F00ADFBCC /* Sources */ = {
			isa = PBXSourcesBuildPhase;
			buildActionMask = 2147483647;
			files = (
				8D999D7D2868D27F00ADFBCC /* TestApp3Tests.swift in Sources */,
			);
			runOnlyForDeploymentPostprocessing = 0;
		};
		8D999D7E2868D27F00ADFBCC /* Sources */ = {
			isa = PBXSourcesBuildPhase;
			buildActionMask = 2147483647;
			files = (
				8D999D892868D27F00ADFBCC /* TestApp3UITestsLaunchTests.swift in Sources */,
				8D999D872868D27F00ADFBCC /* TestApp3UITests.swift in Sources */,
			);
			runOnlyForDeploymentPostprocessing = 0;
		};
/* End PBXSourcesBuildPhase section */

/* Begin PBXTargetDependency section */
		8D999D7A2868D27F00ADFBCC /* PBXTargetDependency */ = {
			isa = PBXTargetDependency;
			target = 8D999D672868D27E00ADFBCC /* TestApp3 */;
			targetProxy = 8D999D792868D27F00ADFBCC /* PBXContainerItemProxy */;
		};
		8D999D842868D27F00ADFBCC /* PBXTargetDependency */ = {
			isa = PBXTargetDependency;
			target = 8D999D672868D27E00ADFBCC /* TestApp3 */;
			targetProxy = 8D999D832868D27F00ADFBCC /* PBXContainerItemProxy */;
		};
/* End PBXTargetDependency section */

/* Begin XCBuildConfiguration section */
		8D999D8A2868D27F00ADFBCC /* Debug */ = {
			isa = XCBuildConfiguration;
			buildSettings = {
				ALWAYS_SEARCH_USER_PATHS = NO;
				CLANG_ANALYZER_NONNULL = YES;
				CLANG_ANALYZER_NUMBER_OBJECT_CONVERSION = YES_AGGRESSIVE;
				CLANG_CXX_LANGUAGE_STANDARD = "gnu++17";
				CLANG_ENABLE_MODULES = YES;
				CLANG_ENABLE_OBJC_ARC = YES;
				CLANG_ENABLE_OBJC_WEAK = YES;
				CLANG_WARN_BLOCK_CAPTURE_AUTORELEASING = YES;
				CLANG_WARN_BOOL_CONVERSION = YES;
				CLANG_WARN_COMMA = YES;
				CLANG_WARN_CONSTANT_CONVERSION = YES;
				CLANG_WARN_DEPRECATED_OBJC_IMPLEMENTATIONS = YES;
				CLANG_WARN_DIRECT_OBJC_ISA_USAGE = YES_ERROR;
				CLANG_WARN_DOCUMENTATION_COMMENTS = YES;
				CLANG_WARN_EMPTY_BODY = YES;
				CLANG_WARN_ENUM_CONVERSION = YES;
				CLANG_WARN_INFINITE_RECURSION = YES;
				CLANG_WARN_INT_CONVERSION = YES;
				CLANG_WARN_NON_LITERAL_NULL_CONVERSION = YES;
				CLANG_WARN_OBJC_IMPLICIT_RETAIN_SELF = YES;
				CLANG_WARN_OBJC_LITERAL_CONVERSION = YES;
				CLANG_WARN_OBJC_ROOT_CLASS = YES_ERROR;
				CLANG_WARN_QUOTED_INCLUDE_IN_FRAMEWORK_HEADER = YES;
				CLANG_WARN_RANGE_LOOP_ANALYSIS = YES;
				CLANG_WARN_STRICT_PROTOTYPES = YES;
				CLANG_WARN_SUSPICIOUS_MOVE = YES;
				CLANG_WARN_UNGUARDED_AVAILABILITY = YES_AGGRESSIVE;
				CLANG_WARN_UNREACHABLE_CODE = YES;
				CLANG_WARN__DUPLICATE_METHOD_MATCH = YES;
				COPY_PHASE_STRIP = NO;
				DEBUG_INFORMATION_FORMAT = dwarf;
				ENABLE_STRICT_OBJC_MSGSEND = YES;
				ENABLE_TESTABILITY = YES;
				GCC_C_LANGUAGE_STANDARD = gnu11;
				GCC_DYNAMIC_NO_PIC = NO;
				GCC_NO_COMMON_BLOCKS = YES;
				GCC_OPTIMIZATION_LEVEL = 0;
				GCC_PREPROCESSOR_DEFINITIONS = (
					"DEBUG=1",
					"$(inherited)",
				);
				GCC_WARN_64_TO_32_BIT_CONVERSION = YES;
				GCC_WARN_ABOUT_RETURN_TYPE = YES_ERROR;
				GCC_WARN_UNDECLARED_SELECTOR = YES;
				GCC_WARN_UNINITIALIZED_AUTOS = YES_AGGRESSIVE;
				GCC_WARN_UNUSED_FUNCTION = YES;
				GCC_WARN_UNUSED_VARIABLE = YES;
				IPHONEOS_DEPLOYMENT_TARGET = 15.5;
				MTL_ENABLE_DEBUG_INFO = INCLUDE_SOURCE;
				MTL_FAST_MATH = YES;
				ONLY_ACTIVE_ARCH = YES;
				SDKROOT = iphoneos;
				SWIFT_ACTIVE_COMPILATION_CONDITIONS = DEBUG;
				SWIFT_OPTIMIZATION_LEVEL = "-Onone";
			};
			name = Debug;
		};
		8D999D8B2868D27F00ADFBCC /* Release */ = {
			isa = XCBuildConfiguration;
			buildSettings = {
				ALWAYS_SEARCH_USER_PATHS = NO;
				CLANG_ANALYZER_NONNULL = YES;
				CLANG_ANALYZER_NUMBER_OBJECT_CONVERSION = YES_AGGRESSIVE;
				CLANG_CXX_LANGUAGE_STANDARD = "gnu++17";
				CLANG_ENABLE_MODULES = YES;
				CLANG_ENABLE_OBJC_ARC = YES;
				CLANG_ENABLE_OBJC_WEAK = YES;
				CLANG_WARN_BLOCK_CAPTURE_AUTORELEASING = YES;
				CLANG_WARN_BOOL_CONVERSION = YES;
				CLANG_WARN_COMMA = YES;
				CLANG_WARN_CONSTANT_CONVERSION = YES;
				CLANG_WARN_DEPRECATED_OBJC_IMPLEMENTATIONS = YES;
				CLANG_WARN_DIRECT_OBJC_ISA_USAGE = YES_ERROR;
				CLANG_WARN_DOCUMENTATION_COMMENTS = YES;
				CLANG_WARN_EMPTY_BODY = YES;
				CLANG_WARN_ENUM_CONVERSION = YES;
				CLANG_WARN_INFINITE_RECURSION = YES;
				CLANG_WARN_INT_CONVERSION = YES;
				CLANG_WARN_NON_LITERAL_NULL_CONVERSION = YES;
				CLANG_WARN_OBJC_IMPLICIT_RETAIN_SELF = YES;
				CLANG_WARN_OBJC_LITERAL_CONVERSION = YES;
				CLANG_WARN_OBJC_ROOT_CLASS = YES_ERROR;
				CLANG_WARN_QUOTED_INCLUDE_IN_FRAMEWORK_HEADER = YES;
				CLANG_WARN_RANGE_LOOP_ANALYSIS = YES;
				CLANG_WARN_STRICT_PROTOTYPES = YES;
				CLANG_WARN_SUSPICIOUS_MOVE = YES;
				CLANG_WARN_UNGUARDED_AVAILABILITY = YES_AGGRESSIVE;
				CLANG_WARN_UNREACHABLE_CODE = YES;
				CLANG_WARN__DUPLICATE_METHOD_MATCH = YES;
				COPY_PHASE_STRIP = NO;
				DEBUG_INFORMATION_FORMAT = "dwarf-with-dsym";
				ENABLE_NS_ASSERTIONS = NO;
				ENABLE_STRICT_OBJC_MSGSEND = YES;
				GCC_C_LANGUAGE_STANDARD = gnu11;
				GCC_NO_COMMON_BLOCKS = YES;
				GCC_WARN_64_TO_32_BIT_CONVERSION = YES;
				GCC_WARN_ABOUT_RETURN_TYPE = YES_ERROR;
				GCC_WARN_UNDECLARED_SELECTOR = YES;
				GCC_WARN_UNINITIALIZED_AUTOS = YES_AGGRESSIVE;
				GCC_WARN_UNUSED_FUNCTION = YES;
				GCC_WARN_UNUSED_VARIABLE = YES;
				IPHONEOS_DEPLOYMENT_TARGET = 15.5;
				MTL_ENABLE_DEBUG_INFO = NO;
				MTL_FAST_MATH = YES;
				SDKROOT = iphoneos;
				SWIFT_COMPILATION_MODE = wholemodule;
				SWIFT_OPTIMIZATION_LEVEL = "-O";
				VALIDATE_PRODUCT = YES;
			};
			name = Release;
		};
		8D999D8D2868D27F00ADFBCC /* Debug */ = {
			isa = XCBuildConfiguration;
			buildSettings = {
				ASSETCATALOG_COMPILER_APPICON_NAME = AppIcon;
				ASSETCATALOG_COMPILER_GLOBAL_ACCENT_COLOR_NAME = AccentColor;
				ASSETCATALOG_COMPILER_INCLUDE_ALL_APPICON_ASSETS = NO;
				CODE_SIGN_STYLE = Automatic;
				CURRENT_PROJECT_VERSION = 1;
				DEVELOPMENT_ASSET_PATHS = "\"TestApp3/Preview Content\"";
				ENABLE_PREVIEWS = YES;
				GENERATE_INFOPLIST_FILE = YES;
				INFOPLIST_FILE = TestApp3/Info.plist;
				INFOPLIST_KEY_UIApplicationSceneManifest_Generation = YES;
				INFOPLIST_KEY_UIApplicationSupportsIndirectInputEvents = YES;
				INFOPLIST_KEY_UILaunchScreen_Generation = YES;
				INFOPLIST_KEY_UISupportedInterfaceOrientations = "UIInterfaceOrientationPortrait UIInterfaceOrientationLandscapeRight UIInterfaceOrientationLandscapeLeft";
				INFOPLIST_KEY_UISupportedInterfaceOrientations_iPad = "UIInterfaceOrientationPortrait UIInterfaceOrientationPortraitUpsideDown UIInterfaceOrientationLandscapeLeft UIInterfaceOrientationLandscapeRight";
				INFOPLIST_KEY_UISupportedInterfaceOrientations_iPhone = "UIInterfaceOrientationPortrait UIInterfaceOrientationLandscapeLeft UIInterfaceOrientationLandscapeRight";
				IPHONEOS_DEPLOYMENT_TARGET = 15.5;
				LD_RUNPATH_SEARCH_PATHS = (
					"$(inherited)",
					"@executable_path/Frameworks",
				);
				MARKETING_VERSION = 1.0;
				PRODUCT_BUNDLE_IDENTIFIER = ca.toyota.TestApp3;
				PRODUCT_NAME = "$(TARGET_NAME)";
				SWIFT_EMIT_LOC_STRINGS = YES;
				SWIFT_VERSION = 5.0;
				TARGETED_DEVICE_FAMILY = "1,2";
			};
			name = Debug;
		};
		8D999D8E2868D27F00ADFBCC /* Release */ = {
			isa = XCBuildConfiguration;
			buildSettings = {
				ASSETCATALOG_COMPILER_APPICON_NAME = AppIcon;
				ASSETCATALOG_COMPILER_GLOBAL_ACCENT_COLOR_NAME = AccentColor;
				ASSETCATALOG_COMPILER_INCLUDE_ALL_APPICON_ASSETS = NO;
				CODE_SIGN_STYLE = Automatic;
				CURRENT_PROJECT_VERSION = 1;
				DEVELOPMENT_ASSET_PATHS = "\"TestApp3/Preview Content\"";
				ENABLE_PREVIEWS = YES;
				GENERATE_INFOPLIST_FILE = YES;
				INFOPLIST_FILE = TestApp3/Info.plist;
				INFOPLIST_KEY_UIApplicationSceneManifest_Generation = YES;
				INFOPLIST_KEY_UIApplicationSupportsIndirectInputEvents = YES;
				INFOPLIST_KEY_UILaunchScreen_Generation = YES;
				INFOPLIST_KEY_UISupportedInterfaceOrientations = "UIInterfaceOrientationPortrait UIInterfaceOrientationLandscapeRight UIInterfaceOrientationLandscapeLeft";
				INFOPLIST_KEY_UISupportedInterfaceOrientations_iPad = "UIInterfaceOrientationPortrait UIInterfaceOrientationPortraitUpsideDown UIInterfaceOrientationLandscapeLeft UIInterfaceOrientationLandscapeRight";
				INFOPLIST_KEY_UISupportedInterfaceOrientations_iPhone = "UIInterfaceOrientationPortrait UIInterfaceOrientationLandscapeLeft UIInterfaceOrientationLandscapeRight";
				IPHONEOS_DEPLOYMENT_TARGET = 15.5;
				LD_RUNPATH_SEARCH_PATHS = (
					"$(inherited)",
					"@executable_path/Frameworks",
				);
				MARKETING_VERSION = 1.0;
				PRODUCT_BUNDLE_IDENTIFIER = ca.toyota.TestApp3;
				PRODUCT_NAME = "$(TARGET_NAME)";
				SWIFT_EMIT_LOC_STRINGS = YES;
				SWIFT_VERSION = 5.0;
				TARGETED_DEVICE_FAMILY = "1,2";
			};
			name = Release;
		};
		8D999D902868D27F00ADFBCC /* Debug */ = {
			isa = XCBuildConfiguration;
			buildSettings = {
				ALWAYS_EMBED_SWIFT_STANDARD_LIBRARIES = YES;
				BUNDLE_LOADER = "$(TEST_HOST)";
				CODE_SIGN_STYLE = Automatic;
				CURRENT_PROJECT_VERSION = 1;
				GENERATE_INFOPLIST_FILE = YES;
				IPHONEOS_DEPLOYMENT_TARGET = 15.5;
				MARKETING_VERSION = 1.0;
				PRODUCT_BUNDLE_IDENTIFIER = ca.toyota.TestApp3Tests;
				PRODUCT_NAME = "$(TARGET_NAME)";
				SWIFT_EMIT_LOC_STRINGS = NO;
				SWIFT_VERSION = 5.0;
				TARGETED_DEVICE_FAMILY = "1,2";
				TEST_HOST = "$(BUILT_PRODUCTS_DIR)/TestApp3.app/TestApp3";
			};
			name = Debug;
		};
		8D999D912868D27F00ADFBCC /* Release */ = {
			isa = XCBuildConfiguration;
			buildSettings = {
				ALWAYS_EMBED_SWIFT_STANDARD_LIBRARIES = YES;
				BUNDLE_LOADER = "$(TEST_HOST)";
				CODE_SIGN_STYLE = Automatic;
				CURRENT_PROJECT_VERSION = 1;
				GENERATE_INFOPLIST_FILE = YES;
				IPHONEOS_DEPLOYMENT_TARGET = 15.5;
				MARKETING_VERSION = 1.0;
				PRODUCT_BUNDLE_IDENTIFIER = ca.toyota.TestApp3Tests;
				PRODUCT_NAME = "$(TARGET_NAME)";
				SWIFT_EMIT_LOC_STRINGS = NO;
				SWIFT_VERSION = 5.0;
				TARGETED_DEVICE_FAMILY = "1,2";
				TEST_HOST = "$(BUILT_PRODUCTS_DIR)/TestApp3.app/TestApp3";
			};
			name = Release;
		};
		8D999D932868D27F00ADFBCC /* Debug */ = {
			isa = XCBuildConfiguration;
			buildSettings = {
				ALWAYS_EMBED_SWIFT_STANDARD_LIBRARIES = YES;
				CODE_SIGN_STYLE = Automatic;
				CURRENT_PROJECT_VERSION = 1;
				GENERATE_INFOPLIST_FILE = YES;
				MARKETING_VERSION = 1.0;
				PRODUCT_BUNDLE_IDENTIFIER = ca.toyota.TestApp3UITests;
				PRODUCT_NAME = "$(TARGET_NAME)";
				SWIFT_EMIT_LOC_STRINGS = NO;
				SWIFT_VERSION = 5.0;
				TARGETED_DEVICE_FAMILY = "1,2";
				TEST_TARGET_NAME = TestApp3;
			};
			name = Debug;
		};
		8D999D942868D27F00ADFBCC /* Release */ = {
			isa = XCBuildConfiguration;
			buildSettings = {
				ALWAYS_EMBED_SWIFT_STANDARD_LIBRARIES = YES;
				CODE_SIGN_STYLE = Automatic;
				CURRENT_PROJECT_VERSION = 1;
				GENERATE_INFOPLIST_FILE = YES;
				MARKETING_VERSION = 1.0;
				PRODUCT_BUNDLE_IDENTIFIER = ca.toyota.TestApp3UITests;
				PRODUCT_NAME = "$(TARGET_NAME)";
				SWIFT_EMIT_LOC_STRINGS = NO;
				SWIFT_VERSION = 5.0;
				TARGETED_DEVICE_FAMILY = "1,2";
				TEST_TARGET_NAME = TestApp3;
			};
			name = Release;
		};
/* End XCBuildConfiguration section */

/* Begin XCConfigurationList section */
		8D999D632868D27E00ADFBCC /* Build configuration list for PBXProject "TestApp3" */ = {
			isa = XCConfigurationList;
			buildConfigurations = (
				8D999D8A2868D27F00ADFBCC /* Debug */,
				8D999D8B2868D27F00ADFBCC /* Release */,
			);
			defaultConfigurationIsVisible = 0;
			defaultConfigurationName = Release;
		};
		8D999D8C2868D27F00ADFBCC /* Build configuration list for PBXNativeTarget "TestApp3" */ = {
			isa = XCConfigurationList;
			buildConfigurations = (
				8D999D8D2868D27F00ADFBCC /* Debug */,
				8D999D8E2868D27F00ADFBCC /* Release */,
			);
			defaultConfigurationIsVisible = 0;
			defaultConfigurationName = Release;
		};
		8D999D8F2868D27F00ADFBCC /* Build configuration list for PBXNativeTarget "TestApp3Tests" */ = {
			isa = XCConfigurationList;
			buildConfigurations = (
				8D999D902868D27F00ADFBCC /* Debug */,
				8D999D912868D27F00ADFBCC /* Release */,
			);
			defaultConfigurationIsVisible = 0;
			defaultConfigurationName = Release;
		};
		8D999D922868D27F00ADFBCC /* Build configuration list for PBXNativeTarget "TestApp3UITests" */ = {
			isa = XCConfigurationList;
			buildConfigurations = (
				8D999D932868D27F00ADFBCC /* Debug */,
				8D999D942868D27F00ADFBCC /* Release */,
			);
			defaultConfigurationIsVisible = 0;
			defaultConfigurationName = Release;
		};
/* End XCConfigurationList section */
	};
	rootObject = 8D999D602868D27E00ADFBCC /* Project object */;
}
